
Microsoft Visual Studio Solution File, Format Version 11.00
# Visual Studio 2010
Project("{FAE04EC0-301F-11D3-BF4B-00C04F79EFBC}") = "test1-1", "Assembly-CSharp.csproj", "{DF79F7B8-7982-47AE-EA96-2BD493A09098}"
EndProject
Project("{FAE04EC0-301F-11D3-BF4B-00C04F79EFBC}") = "test1-1", "Assembly-CSharp-firstpass.csproj", "{ACA13B9C-0213-FC3A-5F00-1F73FF775426}"
EndProject
Project("{FAE04EC0-301F-11D3-BF4B-00C04F79EFBC}") = "test1-1", "Assembly-CSharp-Editor-firstpass.csproj", "{94B0B6CC-462B-D6BF-B5F7-70BE70BFFE41}"
EndProject
Project("{FAE04EC0-301F-11D3-BF4B-00C04F79EFBC}") = "test1-1", "Assembly-CSharp-Editor.csproj", "{0878025A-8DEF-96D4-A9C5-290120C66EC0}"
EndProject
Global
	GlobalSection(SolutionConfigurationPlatforms) = preSolution
		Debug|Any CPU = Debug|Any CPU
		Release|Any CPU = Release|Any CPU
	EndGlobalSection
	GlobalSection(ProjectConfigurationPlatforms) = postSolution
		{DF79F7B8-7982-47AE-EA96-2BD493A09098}.Debug|Any CPU.ActiveCfg = Debug|Any CPU
		{DF79F7B8-7982-47AE-EA96-2BD493A09098}.Debug|Any CPU.Build.0 = Debug|Any CPU
		{DF79F7B8-7982-47AE-EA96-2BD493A09098}.Release|Any CPU.ActiveCfg = Release|Any CPU
		{DF79F7B8-7982-47AE-EA96-2BD493A09098}.Release|Any CPU.Build.0 = Release|Any CPU
		{ACA13B9C-0213-FC3A-5F00-1F73FF775426}.Debug|Any CPU.ActiveCfg = Debug|Any CPU
		{ACA13B9C-0213-FC3A-5F00-1F73FF775426}.Debug|Any CPU.Build.0 = Debug|Any CPU
		{ACA13B9C-0213-FC3A-5F00-1F73FF775426}.Release|Any CPU.ActiveCfg = Release|Any CPU
		{ACA13B9C-0213-FC3A-5F00-1F73FF775426}.Release|Any CPU.Build.0 = Release|Any CPU
		{94B0B6CC-462B-D6BF-B5F7-70BE70BFFE41}.Debug|Any CPU.ActiveCfg = Debug|Any CPU
		{94B0B6CC-462B-D6BF-B5F7-70BE70BFFE41}.Debug|Any CPU.Build.0 = Debug|Any CPU
		{94B0B6CC-462B-D6BF-B5F7-70BE70BFFE41}.Release|Any CPU.ActiveCfg = Release|Any CPU
		{94B0B6CC-462B-D6BF-B5F7-70BE70BFFE41}.Release|Any CPU.Build.0 = Release|Any CPU
		{0878025A-8DEF-96D4-A9C5-290120C66EC0}.Debug|Any CPU.ActiveCfg = Debug|Any CPU
		{0878025A-8DEF-96D4-A9C5-290120C66EC0}.Debug|Any CPU.Build.0 = Debug|Any CPU
		{0878025A-8DEF-96D4-A9C5-290120C66EC0}.Release|Any CPU.ActiveCfg = Release|Any CPU
		{0878025A-8DEF-96D4-A9C5-290120C66EC0}.Release|Any CPU.Build.0 = Release|Any CPU
	EndGlobalSection
	GlobalSection(SolutionProperties) = preSolution
		HideSolutionNode = FALSE
	EndGlobalSection
	GlobalSection(MonoDevelopProperties) = preSolution
		StartupItem = Assembly-CSharp.csproj
	EndGlobalSection
EndGlobal
